
Microsoft Visual Studio Solution File, Format Version 12.00
# Visual Studio Version 17
VisualStudioVersion = 17.1.32210.238
MinimumVisualStudioVersion = 10.0.40219.1
Project("{9A19103F-16F7-4668-BE54-9A1E7A4F7556}") = "JEH01V_HFT_2021222.Client", "JEH01V_HFT_2021222.Client\JEH01V_HFT_2021222.Client.csproj", "{8A7E73BA-8C8F-4E23-AD8B-1D81914B8D46}"
EndProject
Project("{9A19103F-16F7-4668-BE54-9A1E7A4F7556}") = "JEH01V_HFT_2021222.Models", "JEH01V_HFT_2021222.Models\JEH01V_HFT_2021222.Models.csproj", "{7163E7A8-EB4F-4343-90E9-180040572B40}"
EndProject
Project("{9A19103F-16F7-4668-BE54-9A1E7A4F7556}") = "JEH01V_HFT_2021222.Logic", "JEH01V_HFT_2021222.Logic\JEH01V_HFT_2021222.Logic.csproj", "{CD2126B4-ABAC-4012-8AFB-A082123A8647}"
EndProject
Project("{9A19103F-16F7-4668-BE54-9A1E7A4F7556}") = "JEH01V_HFT_2021222.Repository", "JEH01V_HFT_2021222.Repository\JEH01V_HFT_2021222.Repository.csproj", "{60D92ED3-D466-41B8-85D0-D19070768122}"
EndProject
Project("{9A19103F-16F7-4668-BE54-9A1E7A4F7556}") = "JEH01V_HFT_2021222.Test", "JEH01V_HFT_2021222.Test\JEH01V_HFT_2021222.Test.csproj", "{7D3D908D-0730-4325-8924-93FEC1F2B0A0}"
EndProject
Project("{2150E333-8FDC-42A3-9474-1A3956D46DE8}") = "Backend", "Backend", "{759EB0D9-9E7D-4A04-9A59-7FB418A9A745}"
EndProject
Project("{2150E333-8FDC-42A3-9474-1A3956D46DE8}") = "Frontend", "Frontend", "{70F0A5EF-36CE-4B04-870E-231FBAC9F45C}"
EndProject
Project("{2150E333-8FDC-42A3-9474-1A3956D46DE8}") = "Shared", "Shared", "{8E002C44-75CB-4974-83C2-FEBBC1DB5BF6}"
EndProject
Project("{2150E333-8FDC-42A3-9474-1A3956D46DE8}") = "Others", "Others", "{C6372108-B759-456A-BB0D-D119DD02B824}"
	ProjectSection(SolutionItems) = preProject
		.gitignore = .gitignore
	EndProjectSection
EndProject
Project("{9A19103F-16F7-4668-BE54-9A1E7A4F7556}") = "JEH01V_HFT_2021222.Endpoint", "JEH01V_HFT_2021222.Endpoint\JEH01V_HFT_2021222.Endpoint.csproj", "{54599CFF-F266-4106-9218-1AADAB8D8D46}"
EndProject
Global
	GlobalSection(SolutionConfigurationPlatforms) = preSolution
		Debug|Any CPU = Debug|Any CPU
		Release|Any CPU = Release|Any CPU
	EndGlobalSection
	GlobalSection(ProjectConfigurationPlatforms) = postSolution
		{8A7E73BA-8C8F-4E23-AD8B-1D81914B8D46}.Debug|Any CPU.ActiveCfg = Debug|Any CPU
		{8A7E73BA-8C8F-4E23-AD8B-1D81914B8D46}.Debug|Any CPU.Build.0 = Debug|Any CPU
		{8A7E73BA-8C8F-4E23-AD8B-1D81914B8D46}.Release|Any CPU.ActiveCfg = Release|Any CPU
		{8A7E73BA-8C8F-4E23-AD8B-1D81914B8D46}.Release|Any CPU.Build.0 = Release|Any CPU
		{7163E7A8-EB4F-4343-90E9-180040572B40}.Debug|Any CPU.ActiveCfg = Debug|Any CPU
		{7163E7A8-EB4F-4343-90E9-180040572B40}.Debug|Any CPU.Build.0 = Debug|Any CPU
		{7163E7A8-EB4F-4343-90E9-180040572B40}.Release|Any CPU.ActiveCfg = Release|Any CPU
		{7163E7A8-EB4F-4343-90E9-180040572B40}.Release|Any CPU.Build.0 = Release|Any CPU
		{CD2126B4-ABAC-4012-8AFB-A082123A8647}.Debug|Any CPU.ActiveCfg = Debug|Any CPU
		{CD2126B4-ABAC-4012-8AFB-A082123A8647}.Debug|Any CPU.Build.0 = Debug|Any CPU
		{CD2126B4-ABAC-4012-8AFB-A082123A8647}.Release|Any CPU.ActiveCfg = Release|Any CPU
		{CD2126B4-ABAC-4012-8AFB-A082123A8647}.Release|Any CPU.Build.0 = Release|Any CPU
		{60D92ED3-D466-41B8-85D0-D19070768122}.Debug|Any CPU.ActiveCfg = Debug|Any CPU
		{60D92ED3-D466-41B8-85D0-D19070768122}.Debug|Any CPU.Build.0 = Debug|Any CPU
		{60D92ED3-D466-41B8-85D0-D19070768122}.Release|Any CPU.ActiveCfg = Release|Any CPU
		{60D92ED3-D466-41B8-85D0-D19070768122}.Release|Any CPU.Build.0 = Release|Any CPU
		{7D3D908D-0730-4325-8924-93FEC1F2B0A0}.Debug|Any CPU.ActiveCfg = Debug|Any CPU
		{7D3D908D-0730-4325-8924-93FEC1F2B0A0}.Debug|Any CPU.Build.0 = Debug|Any CPU
		{7D3D908D-0730-4325-8924-93FEC1F2B0A0}.Release|Any CPU.ActiveCfg = Release|Any CPU
		{7D3D908D-0730-4325-8924-93FEC1F2B0A0}.Release|Any CPU.Build.0 = Release|Any CPU
		{54599CFF-F266-4106-9218-1AADAB8D8D46}.Debug|Any CPU.ActiveCfg = Debug|Any CPU
		{54599CFF-F266-4106-9218-1AADAB8D8D46}.Debug|Any CPU.Build.0 = Debug|Any CPU
		{54599CFF-F266-4106-9218-1AADAB8D8D46}.Release|Any CPU.ActiveCfg = Release|Any CPU
		{54599CFF-F266-4106-9218-1AADAB8D8D46}.Release|Any CPU.Build.0 = Release|Any CPU
	EndGlobalSection
	GlobalSection(SolutionProperties) = preSolution
		HideSolutionNode = FALSE
	EndGlobalSection
	GlobalSection(NestedProjects) = preSolution
		{8A7E73BA-8C8F-4E23-AD8B-1D81914B8D46} = {70F0A5EF-36CE-4B04-870E-231FBAC9F45C}
		{7163E7A8-EB4F-4343-90E9-180040572B40} = {8E002C44-75CB-4974-83C2-FEBBC1DB5BF6}
		{CD2126B4-ABAC-4012-8AFB-A082123A8647} = {759EB0D9-9E7D-4A04-9A59-7FB418A9A745}
		{60D92ED3-D466-41B8-85D0-D19070768122} = {759EB0D9-9E7D-4A04-9A59-7FB418A9A745}
		{7D3D908D-0730-4325-8924-93FEC1F2B0A0} = {759EB0D9-9E7D-4A04-9A59-7FB418A9A745}
		{54599CFF-F266-4106-9218-1AADAB8D8D46} = {759EB0D9-9E7D-4A04-9A59-7FB418A9A745}
	EndGlobalSection
	GlobalSection(ExtensibilityGlobals) = postSolution
		SolutionGuid = {7CC2359F-BE34-4A53-8BE7-28F80887C545}
	EndGlobalSection
EndGlobal
